
Microsoft Visual Studio Solution File, Format Version 12.00
# Visual Studio 15
VisualStudioVersion = 15.0.28010.2036
MinimumVisualStudioVersion = 10.0.40219.1
Project("{8BC9CEB8-8B4A-11D0-8D11-00A0C91BC942}") = "Project1", "Project1\Project1.vcxproj", "{DF156FA2-BA9A-4C26-9B20-A12D65042DCE}"
EndProject
Global
	GlobalSection(SolutionConfigurationPlatforms) = preSolution
		Debug|x64 = Debug|x64
		Debug|x86 = Debug|x86
		Release|x64 = Release|x64
		Release|x86 = Release|x86
	EndGlobalSection
	GlobalSection(ProjectConfigurationPlatforms) = postSolution
		{DF156FA2-BA9A-4C26-9B20-A12D65042DCE}.Debug|x64.ActiveCfg = Debug|x64
		{DF156FA2-BA9A-4C26-9B20-A12D65042DCE}.Debug|x64.Build.0 = Debug|x64
		{DF156FA2-BA9A-4C26-9B20-A12D65042DCE}.Debug|x86.ActiveCfg = Debug|Win32
		{DF156FA2-BA9A-4C26-9B20-A12D65042DCE}.Debug|x86.Build.0 = Debug|Win32
		{DF156FA2-BA9A-4C26-9B20-A12D65042DCE}.Release|x64.ActiveCfg = Release|x64
		{DF156FA2-BA9A-4C26-9B20-A12D65042DCE}.Release|x64.Build.0 = Release|x64
		{DF156FA2-BA9A-4C26-9B20-A12D65042DCE}.Release|x86.ActiveCfg = Release|Win32
		{DF156FA2-BA9A-4C26-9B20-A12D65042DCE}.Release|x86.Build.0 = Release|Win32
	EndGlobalSection
	GlobalSection(SolutionProperties) = preSolution
		HideSolutionNode = FALSE
	EndGlobalSection
	GlobalSection(ExtensibilityGlobals) = postSolution
		SolutionGuid = {E71DB93C-5F2E-435B-8B3B-70E82DE05961}
	EndGlobalSection
EndGlobal
